
Microsoft Visual Studio Solution File, Format Version 12.00
# Visual Studio Version 17
VisualStudioVersion = 17.3.32929.385
MinimumVisualStudioVersion = 10.0.40219.1
Project("{9A19103F-16F7-4668-BE54-9A1E7A4F7556}") = "SchoolWebApp", "SchoolWebApp\SchoolWebApp.csproj", "{8AF5937F-D11E-4AC8-B92B-690A913CA58B}"
EndProject
Global
	GlobalSection(SolutionConfigurationPlatforms) = preSolution
		Debug|Any CPU = Debug|Any CPU
		Release|Any CPU = Release|Any CPU
	EndGlobalSection
	GlobalSection(ProjectConfigurationPlatforms) = postSolution
		{8AF5937F-D11E-4AC8-B92B-690A913CA58B}.Debug|Any CPU.ActiveCfg = Debug|Any CPU
		{8AF5937F-D11E-4AC8-B92B-690A913CA58B}.Debug|Any CPU.Build.0 = Debug|Any CPU
		{8AF5937F-D11E-4AC8-B92B-690A913CA58B}.Release|Any CPU.ActiveCfg = Release|Any CPU
		{8AF5937F-D11E-4AC8-B92B-690A913CA58B}.Release|Any CPU.Build.0 = Release|Any CPU
	EndGlobalSection
	GlobalSection(SolutionProperties) = preSolution
		HideSolutionNode = FALSE
	EndGlobalSection
	GlobalSection(ExtensibilityGlobals) = postSolution
		SolutionGuid = {C7FAB8BE-F26D-4D84-BD6D-8BF185EF2533}
	EndGlobalSection
EndGlobal
